
Microsoft Visual Studio Solution File, Format Version 12.00
# Visual Studio 14
VisualStudioVersion = 14.0.25420.1
MinimumVisualStudioVersion = 10.0.40219.1
Project("{888888A0-9F3D-457C-B088-3A5042F75D52}") = "MySimplePyC", "MySimplePyC\MySimplePyC.pyproj", "{AB18333F-6E7D-4231-A945-37DE23847BBA}"
EndProject
Project("{8BC9CEB8-8B4A-11D0-8D11-00A0C91BC942}") = "MyCExtnMod1", "MyCExtnMod1\MyCExtnMod1.vcxproj", "{80D76BAE-285B-468D-B327-03FEF1BC12C3}"
EndProject
Global
	GlobalSection(SolutionConfigurationPlatforms) = preSolution
		Debug|Any CPU = Debug|Any CPU
		Debug|x64 = Debug|x64
		Debug|x86 = Debug|x86
		Release|Any CPU = Release|Any CPU
		Release|x64 = Release|x64
		Release|x86 = Release|x86
	EndGlobalSection
	GlobalSection(ProjectConfigurationPlatforms) = postSolution
		{AB18333F-6E7D-4231-A945-37DE23847BBA}.Debug|Any CPU.ActiveCfg = Debug|Any CPU
		{AB18333F-6E7D-4231-A945-37DE23847BBA}.Debug|x64.ActiveCfg = Debug|Any CPU
		{AB18333F-6E7D-4231-A945-37DE23847BBA}.Debug|x86.ActiveCfg = Debug|Any CPU
		{AB18333F-6E7D-4231-A945-37DE23847BBA}.Release|Any CPU.ActiveCfg = Release|Any CPU
		{AB18333F-6E7D-4231-A945-37DE23847BBA}.Release|x64.ActiveCfg = Release|Any CPU
		{AB18333F-6E7D-4231-A945-37DE23847BBA}.Release|x86.ActiveCfg = Release|Any CPU
		{80D76BAE-285B-468D-B327-03FEF1BC12C3}.Debug|Any CPU.ActiveCfg = Debug|Win32
		{80D76BAE-285B-468D-B327-03FEF1BC12C3}.Debug|x64.ActiveCfg = Debug|x64
		{80D76BAE-285B-468D-B327-03FEF1BC12C3}.Debug|x64.Build.0 = Debug|x64
		{80D76BAE-285B-468D-B327-03FEF1BC12C3}.Debug|x86.ActiveCfg = Debug|Win32
		{80D76BAE-285B-468D-B327-03FEF1BC12C3}.Debug|x86.Build.0 = Debug|Win32
		{80D76BAE-285B-468D-B327-03FEF1BC12C3}.Release|Any CPU.ActiveCfg = Release|Win32
		{80D76BAE-285B-468D-B327-03FEF1BC12C3}.Release|x64.ActiveCfg = Release|x64
		{80D76BAE-285B-468D-B327-03FEF1BC12C3}.Release|x64.Build.0 = Release|x64
		{80D76BAE-285B-468D-B327-03FEF1BC12C3}.Release|x86.ActiveCfg = Release|Win32
		{80D76BAE-285B-468D-B327-03FEF1BC12C3}.Release|x86.Build.0 = Release|Win32
	EndGlobalSection
	GlobalSection(SolutionProperties) = preSolution
		HideSolutionNode = FALSE
	EndGlobalSection
EndGlobal
